// !$*UTF8*$!
{
	archiveVersion = 1;
	classes = {
	};
	objectVersion = 46;
	objects = {

/* Begin PBXBuildFile section */
		1D71DDE51BDB844700B01C14 /* AppDelegate.swift in Sources */ = {isa = PBXBuildFile; fileRef = 1D71DDE41BDB844700B01C14 /* AppDelegate.swift */; };
		1D71DDE81BDB844700B01C14 /* HandsOnMath.xcdatamodeld in Sources */ = {isa = PBXBuildFile; fileRef = 1D71DDE61BDB844700B01C14 /* HandsOnMath.xcdatamodeld */; };
		1D71DDEA1BDB844700B01C14 /* ViewController.swift in Sources */ = {isa = PBXBuildFile; fileRef = 1D71DDE91BDB844700B01C14 /* ViewController.swift */; };
		1D71DDED1BDB844700B01C14 /* Main.storyboard in Resources */ = {isa = PBXBuildFile; fileRef = 1D71DDEB1BDB844700B01C14 /* Main.storyboard */; };
		1D71DDEF1BDB844700B01C14 /* Images.xcassets in Resources */ = {isa = PBXBuildFile; fileRef = 1D71DDEE1BDB844700B01C14 /* Images.xcassets */; };
		1D71DDF21BDB844700B01C14 /* LaunchScreen.xib in Resources */ = {isa = PBXBuildFile; fileRef = 1D71DDF01BDB844700B01C14 /* LaunchScreen.xib */; };
		1D71DDFE1BDB844700B01C14 /* HandsOnMathTests.swift in Sources */ = {isa = PBXBuildFile; fileRef = 1D71DDFD1BDB844700B01C14 /* HandsOnMathTests.swift */; };
		1DE3D3581BDBFDE400E8C234 /* ExpressionBrain.swift in Sources */ = {isa = PBXBuildFile; fileRef = 1DE3D3571BDBFDE400E8C234 /* ExpressionBrain.swift */; };
/* End PBXBuildFile section */

/* Begin PBXContainerItemProxy section */
		1D71DDF81BDB844700B01C14 /* PBXContainerItemProxy */ = {
			isa = PBXContainerItemProxy;
			containerPortal = 1D71DDD71BDB844700B01C14 /* Project object */;
			proxyType = 1;
			remoteGlobalIDString = 1D71DDDE1BDB844700B01C14;
			remoteInfo = HandsOnMath;
		};
/* End PBXContainerItemProxy section */

/* Begin PBXFileReference section */
		1D71DDDF1BDB844700B01C14 /* HandsOnMath.app */ = {isa = PBXFileReference; explicitFileType = wrapper.application; includeInIndex = 0; path = HandsOnMath.app; sourceTree = BUILT_PRODUCTS_DIR; };
		1D71DDE31BDB844700B01C14 /* Info.plist */ = {isa = PBXFileReference; lastKnownFileType = text.plist.xml; path = Info.plist; sourceTree = "<group>"; };
		1D71DDE41BDB844700B01C14 /* AppDelegate.swift */ = {isa = PBXFileReference; lastKnownFileType = sourcecode.swift; path = AppDelegate.swift; sourceTree = "<group>"; };
		1D71DDE71BDB844700B01C14 /* HandsOnMath.xcdatamodel */ = {isa = PBXFileReference; lastKnownFileType = wrapper.xcdatamodel; path = HandsOnMath.xcdatamodel; sourceTree = "<group>"; };
		1D71DDE91BDB844700B01C14 /* ViewController.swift */ = {isa = PBXFileReference; lastKnownFileType = sourcecode.swift; path = ViewController.swift; sourceTree = "<group>"; };
		1D71DDEC1BDB844700B01C14 /* Base */ = {isa = PBXFileReference; lastKnownFileType = file.storyboard; name = Base; path = Base.lproj/Main.storyboard; sourceTree = "<group>"; };
		1D71DDEE1BDB844700B01C14 /* Images.xcassets */ = {isa = PBXFileReference; lastKnownFileType = folder.assetcatalog; path = Images.xcassets; sourceTree = "<group>"; };
		1D71DDF11BDB844700B01C14 /* Base */ = {isa = PBXFileReference; lastKnownFileType = file.xib; name = Base; path = Base.lproj/LaunchScreen.xib; sourceTree = "<group>"; };
		1D71DDF71BDB844700B01C14 /* HandsOnMathTests.xctest */ = {isa = PBXFileReference; explicitFileType = wrapper.cfbundle; includeInIndex = 0; path = HandsOnMathTests.xctest; sourceTree = BUILT_PRODUCTS_DIR; };
		1D71DDFC1BDB844700B01C14 /* Info.plist */ = {isa = PBXFileReference; lastKnownFileType = text.plist.xml; path = Info.plist; sourceTree = "<group>"; };
		1D71DDFD1BDB844700B01C14 /* HandsOnMathTests.swift */ = {isa = PBXFileReference; lastKnownFileType = sourcecode.swift; path = HandsOnMathTests.swift; sourceTree = "<group>"; };
		1DE3D3571BDBFDE400E8C234 /* ExpressionBrain.swift */ = {isa = PBXFileReference; fileEncoding = 4; lastKnownFileType = sourcecode.swift; path = ExpressionBrain.swift; sourceTree = "<group>"; };
/* End PBXFileReference section */

/* Begin PBXFrameworksBuildPhase section */
		1D71DDDC1BDB844700B01C14 /* Frameworks */ = {
			isa = PBXFrameworksBuildPhase;
			buildActionMask = 2147483647;
			files = (
			);
			runOnlyForDeploymentPostprocessing = 0;
		};
		1D71DDF41BDB844700B01C14 /* Frameworks */ = {
			isa = PBXFrameworksBuildPhase;
			buildActionMask = 2147483647;
			files = (
			);
			runOnlyForDeploymentPostprocessing = 0;
		};
/* End PBXFrameworksBuildPhase section */

/* Begin PBXGroup section */
		1D71DDD61BDB844700B01C14 = {
			isa = PBXGroup;
			children = (
				1D71DDE11BDB844700B01C14 /* HandsOnMath */,
				1D71DDFA1BDB844700B01C14 /* HandsOnMathTests */,
				1D71DDE01BDB844700B01C14 /* Products */,
			);
			sourceTree = "<group>";
		};
		1D71DDE01BDB844700B01C14 /* Products */ = {
			isa = PBXGroup;
			children = (
				1D71DDDF1BDB844700B01C14 /* HandsOnMath.app */,
				1D71DDF71BDB844700B01C14 /* HandsOnMathTests.xctest */,
			);
			name = Products;
			sourceTree = "<group>";
		};
		1D71DDE11BDB844700B01C14 /* HandsOnMath */ = {
			isa = PBXGroup;
			children = (
				1D71DDE41BDB844700B01C14 /* AppDelegate.swift */,
				1D71DDE91BDB844700B01C14 /* ViewController.swift */,
				1D71DDEB1BDB844700B01C14 /* Main.storyboard */,
				1DE3D3571BDBFDE400E8C234 /* ExpressionBrain.swift */,
				1D71DDEE1BDB844700B01C14 /* Images.xcassets */,
				1D71DDF01BDB844700B01C14 /* LaunchScreen.xib */,
				1D71DDE61BDB844700B01C14 /* HandsOnMath.xcdatamodeld */,
				1D71DDE21BDB844700B01C14 /* Supporting Files */,
			);
			path = HandsOnMath;
			sourceTree = "<group>";
		};
		1D71DDE21BDB844700B01C14 /* Supporting Files */ = {
			isa = PBXGroup;
			children = (
				1D71DDE31BDB844700B01C14 /* Info.plist */,
			);
			name = "Supporting Files";
			sourceTree = "<group>";
		};
		1D71DDFA1BDB844700B01C14 /* HandsOnMathTests */ = {
			isa = PBXGroup;
			children = (
				1D71DDFD1BDB844700B01C14 /* HandsOnMathTests.swift */,
				1D71DDFB1BDB844700B01C14 /* Supporting Files */,
			);
			path = HandsOnMathTests;
			sourceTree = "<group>";
		};
		1D71DDFB1BDB844700B01C14 /* Supporting Files */ = {
			isa = PBXGroup;
			children = (
				1D71DDFC1BDB844700B01C14 /* Info.plist */,
			);
			name = "Supporting Files";
			sourceTree = "<group>";
		};
/* End PBXGroup section */

/* Begin PBXNativeTarget section */
		1D71DDDE1BDB844700B01C14 /* HandsOnMath */ = {
			isa = PBXNativeTarget;
			buildConfigurationList = 1D71DE011BDB844700B01C14 /* Build configuration list for PBXNativeTarget "HandsOnMath" */;
			buildPhases = (
				1D71DDDB1BDB844700B01C14 /* Sources */,
				1D71DDDC1BDB844700B01C14 /* Frameworks */,
				1D71DDDD1BDB844700B01C14 /* Resources */,
			);
			buildRules = (
			);
			dependencies = (
			);
			name = HandsOnMath;
			productName = HandsOnMath;
			productReference = 1D71DDDF1BDB844700B01C14 /* HandsOnMath.app */;
			productType = "com.apple.product-type.application";
		};
		1D71DDF61BDB844700B01C14 /* HandsOnMathTests */ = {
			isa = PBXNativeTarget;
			buildConfigurationList = 1D71DE041BDB844700B01C14 /* Build configuration list for PBXNativeTarget "HandsOnMathTests" */;
			buildPhases = (
				1D71DDF31BDB844700B01C14 /* Sources */,
				1D71DDF41BDB844700B01C14 /* Frameworks */,
				1D71DDF51BDB844700B01C14 /* Resources */,
			);
			buildRules = (
			);
			dependencies = (
				1D71DDF91BDB844700B01C14 /* PBXTargetDependency */,
			);
			name = HandsOnMathTests;
			productName = HandsOnMathTests;
			productReference = 1D71DDF71BDB844700B01C14 /* HandsOnMathTests.xctest */;
			productType = "com.apple.product-type.bundle.unit-test";
		};
/* End PBXNativeTarget section */

/* Begin PBXProject section */
		1D71DDD71BDB844700B01C14 /* Project object */ = {
			isa = PBXProject;
			attributes = {
				LastUpgradeCheck = 0640;
				ORGANIZATIONNAME = HackingEDUGroup;
				TargetAttributes = {
					1D71DDDE1BDB844700B01C14 = {
						CreatedOnToolsVersion = 6.4;
					};
					1D71DDF61BDB844700B01C14 = {
						CreatedOnToolsVersion = 6.4;
						TestTargetID = 1D71DDDE1BDB844700B01C14;
					};
				};
			};
			buildConfigurationList = 1D71DDDA1BDB844700B01C14 /* Build configuration list for PBXProject "HandsOnMath" */;
			compatibilityVersion = "Xcode 3.2";
			developmentRegion = English;
			hasScannedForEncodings = 0;
			knownRegions = (
				en,
				Base,
			);
			mainGroup = 1D71DDD61BDB844700B01C14;
			productRefGroup = 1D71DDE01BDB844700B01C14 /* Products */;
			projectDirPath = "";
			projectRoot = "";
			targets = (
				1D71DDDE1BDB844700B01C14 /* HandsOnMath */,
				1D71DDF61BDB844700B01C14 /* HandsOnMathTests */,
			);
		};
/* End PBXProject section */

/* Begin PBXResourcesBuildPhase section */
		1D71DDDD1BDB844700B01C14 /* Resources */ = {
			isa = PBXResourcesBuildPhase;
			buildActionMask = 2147483647;
			files = (
				1D71DDED1BDB844700B01C14 /* Main.storyboard in Resources */,
				1D71DDF21BDB844700B01C14 /* LaunchScreen.xib in Resources */,
				1D71DDEF1BDB844700B01C14 /* Images.xcassets in Resources */,
			);
			runOnlyForDeploymentPostprocessing = 0;
		};
		1D71DDF51BDB844700B01C14 /* Resources */ = {
			isa = PBXResourcesBuildPhase;
			buildActionMask = 2147483647;
			files = (
			);
			runOnlyForDeploymentPostprocessing = 0;
		};
/* End PBXResourcesBuildPhase section */

/* Begin PBXSourcesBuildPhase section */
		1D71DDDB1BDB844700B01C14 /* Sources */ = {
			isa = PBXSourcesBuildPhase;
			buildActionMask = 2147483647;
			files = (
				1DE3D3581BDBFDE400E8C234 /* ExpressionBrain.swift in Sources */,
				1D71DDEA1BDB844700B01C14 /* ViewController.swift in Sources */,
				1D71DDE51BDB844700B01C14 /* AppDelegate.swift in Sources */,
				1D71DDE81BDB844700B01C14 /* HandsOnMath.xcdatamodeld in Sources */,
			);
			runOnlyForDeploymentPostprocessing = 0;
		};
		1D71DDF31BDB844700B01C14 /* Sources */ = {
			isa = PBXSourcesBuildPhase;
			buildActionMask = 2147483647;
			files = (
				1D71DDFE1BDB844700B01C14 /* HandsOnMathTests.swift in Sources */,
			);
			runOnlyForDeploymentPostprocessing = 0;
		};
/* End PBXSourcesBuildPhase section */

/* Begin PBXTargetDependency section */
		1D71DDF91BDB844700B01C14 /* PBXTargetDependency */ = {
			isa = PBXTargetDependency;
			target = 1D71DDDE1BDB844700B01C14 /* HandsOnMath */;
			targetProxy = 1D71DDF81BDB844700B01C14 /* PBXContainerItemProxy */;
		};
/* End PBXTargetDependency section */

/* Begin PBXVariantGroup section */
		1D71DDEB1BDB844700B01C14 /* Main.storyboard */ = {
			isa = PBXVariantGroup;
			children = (
				1D71DDEC1BDB844700B01C14 /* Base */,
			);
			name = Main.storyboard;
			sourceTree = "<group>";
		};
		1D71DDF01BDB844700B01C14 /* LaunchScreen.xib */ = {
			isa = PBXVariantGroup;
			children = (
				1D71DDF11BDB844700B01C14 /* Base */,
			);
			name = LaunchScreen.xib;
			sourceTree = "<group>";
		};
/* End PBXVariantGroup section */

/* Begin XCBuildConfiguration section */
		1D71DDFF1BDB844700B01C14 /* Debug */ = {
			isa = XCBuildConfiguration;
			buildSettings = {
				ALWAYS_SEARCH_USER_PATHS = NO;
				CLANG_CXX_LANGUAGE_STANDARD = "gnu++0x";
				CLANG_CXX_LIBRARY = "libc++";
				CLANG_ENABLE_MODULES = YES;
				CLANG_ENABLE_OBJC_ARC = YES;
				CLANG_WARN_BOOL_CONVERSION = YES;
				CLANG_WARN_CONSTANT_CONVERSION = YES;
				CLANG_WARN_DIRECT_OBJC_ISA_USAGE = YES_ERROR;
				CLANG_WARN_EMPTY_BODY = YES;
				CLANG_WARN_ENUM_CONVERSION = YES;
				CLANG_WARN_INT_CONVERSION = YES;
				CLANG_WARN_OBJC_ROOT_CLASS = YES_ERROR;
				CLANG_WARN_UNREACHABLE_CODE = YES;
				CLANG_WARN__DUPLICATE_METHOD_MATCH = YES;
				"CODE_SIGN_IDENTITY[sdk=iphoneos*]" = "iPhone Developer";
				COPY_PHASE_STRIP = NO;
				DEBUG_INFORMATION_FORMAT = "dwarf-with-dsym";
				ENABLE_STRICT_OBJC_MSGSEND = YES;
				GCC_C_LANGUAGE_STANDARD = gnu99;
				GCC_DYNAMIC_NO_PIC = NO;
				GCC_NO_COMMON_BLOCKS = YES;
				GCC_OPTIMIZATION_LEVEL = 0;
				GCC_PREPROCESSOR_DEFINITIONS = (
					"DEBUG=1",
					"$(inherited)",
				);
				GCC_SYMBOLS_PRIVATE_EXTERN = NO;
				GCC_WARN_64_TO_32_BIT_CONVERSION = YES;
				GCC_WARN_ABOUT_RETURN_TYPE = YES_ERROR;
				GCC_WARN_UNDECLARED_SELECTOR = YES;
				GCC_WARN_UNINITIALIZED_AUTOS = YES_AGGRESSIVE;
				GCC_WARN_UNUSED_FUNCTION = YES;
				GCC_WARN_UNUSED_VARIABLE = YES;
				IPHONEOS_DEPLOYMENT_TARGET = 8.4;
				MTL_ENABLE_DEBUG_INFO = YES;
				ONLY_ACTIVE_ARCH = YES;
				SDKROOT = iphoneos;
				SWIFT_OPTIMIZATION_LEVEL = "-Onone";
				TARGETED_DEVICE_FAMILY = "1,2";
			};
			name = Debug;
		};
		1D71DE001BDB844700B01C14 /* Release */ = {
			isa = XCBuildConfiguration;
			buildSettings = {
				ALWAYS_SEARCH_USER_PATHS = NO;
				CLANG_CXX_LANGUAGE_STANDARD = "gnu++0x";
				CLANG_CXX_LIBRARY = "libc++";
				CLANG_ENABLE_MODULES = YES;
				CLANG_ENABLE_OBJC_ARC = YES;
				CLANG_WARN_BOOL_CONVERSION = YES;
				CLANG_WARN_CONSTANT_CONVERSION = YES;
				CLANG_WARN_DIRECT_OBJC_ISA_USAGE = YES_ERROR;
				CLANG_WARN_EMPTY_BODY = YES;
				CLANG_WARN_ENUM_CONVERSION = YES;
				CLANG_WARN_INT_CONVERSION = YES;
				CLANG_WARN_OBJC_ROOT_CLASS = YES_ERROR;
				CLANG_WARN_UNREACHABLE_CODE = YES;
				CLANG_WARN__DUPLICATE_METHOD_MATCH = YES;
				"CODE_SIGN_IDENTITY[sdk=iphoneos*]" = "iPhone Developer";
				COPY_PHASE_STRIP = NO;
				DEBUG_INFORMATION_FORMAT = "dwarf-with-dsym";
				ENABLE_NS_ASSERTIONS = NO;
				ENABLE_STRICT_OBJC_MSGSEND = YES;
				GCC_C_LANGUAGE_STANDARD = gnu99;
				GCC_NO_COMMON_BLOCKS = YES;
				GCC_WARN_64_TO_32_BIT_CONVERSION = YES;
				GCC_WARN_ABOUT_RETURN_TYPE = YES_ERROR;
				GCC_WARN_UNDECLARED_SELECTOR = YES;
				GCC_WARN_UNINITIALIZED_AUTOS = YES_AGGRESSIVE;
				GCC_WARN_UNUSED_FUNCTION = YES;
				GCC_WARN_UNUSED_VARIABLE = YES;
				IPHONEOS_DEPLOYMENT_TARGET = 8.4;
				MTL_ENABLE_DEBUG_INFO = NO;
				SDKROOT = iphoneos;
				TARGETED_DEVICE_FAMILY = "1,2";
				VALIDATE_PRODUCT = YES;
			};
			name = Release;
		};
		1D71DE021BDB844700B01C14 /* Debug */ = {
			isa = XCBuildConfiguration;
			buildSettings = {
				ASSETCATALOG_COMPILER_APPICON_NAME = AppIcon;
				INFOPLIST_FILE = HandsOnMath/Info.plist;
				LD_RUNPATH_SEARCH_PATHS = "$(inherited) @executable_path/Frameworks";
				PRODUCT_NAME = "$(TARGET_NAME)";
			};
			name = Debug;
		};
		1D71DE031BDB844700B01C14 /* Release */ = {
			isa = XCBuildConfiguration;
			buildSettings = {
				ASSETCATALOG_COMPILER_APPICON_NAME = AppIcon;
				INFOPLIST_FILE = HandsOnMath/Info.plist;
				LD_RUNPATH_SEARCH_PATHS = "$(inherited) @executable_path/Frameworks";
				PRODUCT_NAME = "$(TARGET_NAME)";
			};
			name = Release;
		};
		1D71DE051BDB844700B01C14 /* Debug */ = {
			isa = XCBuildConfiguration;
			buildSettings = {
				BUNDLE_LOADER = "$(TEST_HOST)";
				FRAMEWORK_SEARCH_PATHS = (
					"$(SDKROOT)/Developer/Library/Frameworks",
					"$(inherited)",
				);
				GCC_PREPROCESSOR_DEFINITIONS = (
					"DEBUG=1",
					"$(inherited)",
				);
				INFOPLIST_FILE = HandsOnMathTests/Info.plist;
				LD_RUNPATH_SEARCH_PATHS = "$(inherited) @executable_path/Frameworks @loader_path/Frameworks";
				PRODUCT_NAME = "$(TARGET_NAME)";
				TEST_HOST = "$(BUILT_PRODUCTS_DIR)/HandsOnMath.app/HandsOnMath";
			};
			name = Debug;
		};
		1D71DE061BDB844700B01C14 /* Release */ = {
			isa = XCBuildConfiguration;
			buildSettings = {
				BUNDLE_LOADER = "$(TEST_HOST)";
				FRAMEWORK_SEARCH_PATHS = (
					"$(SDKROOT)/Developer/Library/Frameworks",
					"$(inherited)",
				);
				INFOPLIST_FILE = HandsOnMathTests/Info.plist;
				LD_RUNPATH_SEARCH_PATHS = "$(inherited) @executable_path/Frameworks @loader_path/Frameworks";
				PRODUCT_NAME = "$(TARGET_NAME)";
				TEST_HOST = "$(BUILT_PRODUCTS_DIR)/HandsOnMath.app/HandsOnMath";
			};
			name = Release;
		};
/* End XCBuildConfiguration section */

/* Begin XCConfigurationList section */
		1D71DDDA1BDB844700B01C14 /* Build configuration list for PBXProject "HandsOnMath" */ = {
			isa = XCConfigurationList;
			buildConfigurations = (
				1D71DDFF1BDB844700B01C14 /* Debug */,
				1D71DE001BDB844700B01C14 /* Release */,
			);
			defaultConfigurationIsVisible = 0;
			defaultConfigurationName = Release;
		};
		1D71DE011BDB844700B01C14 /* Build configuration list for PBXNativeTarget "HandsOnMath" */ = {
			isa = XCConfigurationList;
			buildConfigurations = (
				1D71DE021BDB844700B01C14 /* Debug */,
				1D71DE031BDB844700B01C14 /* Release */,
			);
			defaultConfigurationIsVisible = 0;
			defaultConfigurationName = Release;
		};
		1D71DE041BDB844700B01C14 /* Build configuration list for PBXNativeTarget "HandsOnMathTests" */ = {
			isa = XCConfigurationList;
			buildConfigurations = (
				1D71DE051BDB844700B01C14 /* Debug */,
				1D71DE061BDB844700B01C14 /* Release */,
			);
			defaultConfigurationIsVisible = 0;
			defaultConfigurationName = Release;
		};
/* End XCConfigurationList section */

/* Begin XCVersionGroup section */
		1D71DDE61BDB844700B01C14 /* HandsOnMath.xcdatamodeld */ = {
			isa = XCVersionGroup;
			children = (
				1D71DDE71BDB844700B01C14 /* HandsOnMath.xcdatamodel */,
			);
			currentVersion = 1D71DDE71BDB844700B01C14 /* HandsOnMath.xcdatamodel */;
			path = HandsOnMath.xcdatamodeld;
			sourceTree = "<group>";
			versionGroupType = wrapper.xcdatamodel;
		};
/* End XCVersionGroup section */
	};
	rootObject = 1D71DDD71BDB844700B01C14 /* Project object */;
}
